
Microsoft Visual Studio Solution File, Format Version 12.00
# Visual Studio Version 17
VisualStudioVersion = 17.1.32210.238
MinimumVisualStudioVersion = 10.0.40219.1
Project("{8BC9CEB8-8B4A-11D0-8D11-00A0C91BC942}") = "C++_Linear_Search", "C++_Linear_Search\C++_Linear_Search.vcxproj", "{AC3FFE93-68C3-4B87-9D08-9B8CBB32C14D}"
EndProject
Global
	GlobalSection(SolutionConfigurationPlatforms) = preSolution
		Debug|x64 = Debug|x64
		Debug|x86 = Debug|x86
		Release|x64 = Release|x64
		Release|x86 = Release|x86
	EndGlobalSection
	GlobalSection(ProjectConfigurationPlatforms) = postSolution
		{AC3FFE93-68C3-4B87-9D08-9B8CBB32C14D}.Debug|x64.ActiveCfg = Debug|x64
		{AC3FFE93-68C3-4B87-9D08-9B8CBB32C14D}.Debug|x64.Build.0 = Debug|x64
		{AC3FFE93-68C3-4B87-9D08-9B8CBB32C14D}.Debug|x86.ActiveCfg = Debug|Win32
		{AC3FFE93-68C3-4B87-9D08-9B8CBB32C14D}.Debug|x86.Build.0 = Debug|Win32
		{AC3FFE93-68C3-4B87-9D08-9B8CBB32C14D}.Release|x64.ActiveCfg = Release|x64
		{AC3FFE93-68C3-4B87-9D08-9B8CBB32C14D}.Release|x64.Build.0 = Release|x64
		{AC3FFE93-68C3-4B87-9D08-9B8CBB32C14D}.Release|x86.ActiveCfg = Release|Win32
		{AC3FFE93-68C3-4B87-9D08-9B8CBB32C14D}.Release|x86.Build.0 = Release|Win32
	EndGlobalSection
	GlobalSection(SolutionProperties) = preSolution
		HideSolutionNode = FALSE
	EndGlobalSection
	GlobalSection(ExtensibilityGlobals) = postSolution
		SolutionGuid = {D7AEE8BB-4AFD-4761-9F5E-37F47CF334E4}
	EndGlobalSection
EndGlobal
