
Microsoft Visual Studio Solution File, Format Version 12.00
# Visual Studio Version 17
VisualStudioVersion = 17.1.32210.238
MinimumVisualStudioVersion = 10.0.40219.1
Project("{8BC9CEB8-8B4A-11D0-8D11-00A0C91BC942}") = "C++Array_Binary_Search", "C++Array_Binary_Search\C++Array_Binary_Search.vcxproj", "{AB2FA35A-7ECF-42D6-9667-0885B7EB86FD}"
EndProject
Global
	GlobalSection(SolutionConfigurationPlatforms) = preSolution
		Debug|x64 = Debug|x64
		Debug|x86 = Debug|x86
		Release|x64 = Release|x64
		Release|x86 = Release|x86
	EndGlobalSection
	GlobalSection(ProjectConfigurationPlatforms) = postSolution
		{AB2FA35A-7ECF-42D6-9667-0885B7EB86FD}.Debug|x64.ActiveCfg = Debug|x64
		{AB2FA35A-7ECF-42D6-9667-0885B7EB86FD}.Debug|x64.Build.0 = Debug|x64
		{AB2FA35A-7ECF-42D6-9667-0885B7EB86FD}.Debug|x86.ActiveCfg = Debug|Win32
		{AB2FA35A-7ECF-42D6-9667-0885B7EB86FD}.Debug|x86.Build.0 = Debug|Win32
		{AB2FA35A-7ECF-42D6-9667-0885B7EB86FD}.Release|x64.ActiveCfg = Release|x64
		{AB2FA35A-7ECF-42D6-9667-0885B7EB86FD}.Release|x64.Build.0 = Release|x64
		{AB2FA35A-7ECF-42D6-9667-0885B7EB86FD}.Release|x86.ActiveCfg = Release|Win32
		{AB2FA35A-7ECF-42D6-9667-0885B7EB86FD}.Release|x86.Build.0 = Release|Win32
	EndGlobalSection
	GlobalSection(SolutionProperties) = preSolution
		HideSolutionNode = FALSE
	EndGlobalSection
	GlobalSection(ExtensibilityGlobals) = postSolution
		SolutionGuid = {93188E9B-A7D7-448A-BAC1-A8A7116DD702}
	EndGlobalSection
EndGlobal
