
Microsoft Visual Studio Solution File, Format Version 12.00
# Visual Studio Version 17
VisualStudioVersion = 17.1.32210.238
MinimumVisualStudioVersion = 10.0.40219.1
Project("{8BC9CEB8-8B4A-11D0-8D11-00A0C91BC942}") = "C++Basics_Area_of_Triangle", "C++Basics_Area_of_Triangle\C++Basics_Area_of_Triangle.vcxproj", "{DE8FB135-18EF-4A51-AA54-416945133265}"
EndProject
Global
	GlobalSection(SolutionConfigurationPlatforms) = preSolution
		Debug|x64 = Debug|x64
		Debug|x86 = Debug|x86
		Release|x64 = Release|x64
		Release|x86 = Release|x86
	EndGlobalSection
	GlobalSection(ProjectConfigurationPlatforms) = postSolution
		{DE8FB135-18EF-4A51-AA54-416945133265}.Debug|x64.ActiveCfg = Debug|x64
		{DE8FB135-18EF-4A51-AA54-416945133265}.Debug|x64.Build.0 = Debug|x64
		{DE8FB135-18EF-4A51-AA54-416945133265}.Debug|x86.ActiveCfg = Debug|Win32
		{DE8FB135-18EF-4A51-AA54-416945133265}.Debug|x86.Build.0 = Debug|Win32
		{DE8FB135-18EF-4A51-AA54-416945133265}.Release|x64.ActiveCfg = Release|x64
		{DE8FB135-18EF-4A51-AA54-416945133265}.Release|x64.Build.0 = Release|x64
		{DE8FB135-18EF-4A51-AA54-416945133265}.Release|x86.ActiveCfg = Release|Win32
		{DE8FB135-18EF-4A51-AA54-416945133265}.Release|x86.Build.0 = Release|Win32
	EndGlobalSection
	GlobalSection(SolutionProperties) = preSolution
		HideSolutionNode = FALSE
	EndGlobalSection
	GlobalSection(ExtensibilityGlobals) = postSolution
		SolutionGuid = {92003475-B8A7-46A6-9FB9-0A8F2DAB252A}
	EndGlobalSection
EndGlobal
