
Microsoft Visual Studio Solution File, Format Version 12.00
# Visual Studio Version 17
VisualStudioVersion = 17.1.32210.238
MinimumVisualStudioVersion = 10.0.40219.1
Project("{8BC9CEB8-8B4A-11D0-8D11-00A0C91BC942}") = "C++_Greatest_Among_2_Nos", "C++_Greatest_Among_2_Nos\C++_Greatest_Among_2_Nos.vcxproj", "{DDCF1D7E-A6DF-4EA0-834F-B12EC2EFBAD7}"
EndProject
Global
	GlobalSection(SolutionConfigurationPlatforms) = preSolution
		Debug|x64 = Debug|x64
		Debug|x86 = Debug|x86
		Release|x64 = Release|x64
		Release|x86 = Release|x86
	EndGlobalSection
	GlobalSection(ProjectConfigurationPlatforms) = postSolution
		{DDCF1D7E-A6DF-4EA0-834F-B12EC2EFBAD7}.Debug|x64.ActiveCfg = Debug|x64
		{DDCF1D7E-A6DF-4EA0-834F-B12EC2EFBAD7}.Debug|x64.Build.0 = Debug|x64
		{DDCF1D7E-A6DF-4EA0-834F-B12EC2EFBAD7}.Debug|x86.ActiveCfg = Debug|Win32
		{DDCF1D7E-A6DF-4EA0-834F-B12EC2EFBAD7}.Debug|x86.Build.0 = Debug|Win32
		{DDCF1D7E-A6DF-4EA0-834F-B12EC2EFBAD7}.Release|x64.ActiveCfg = Release|x64
		{DDCF1D7E-A6DF-4EA0-834F-B12EC2EFBAD7}.Release|x64.Build.0 = Release|x64
		{DDCF1D7E-A6DF-4EA0-834F-B12EC2EFBAD7}.Release|x86.ActiveCfg = Release|Win32
		{DDCF1D7E-A6DF-4EA0-834F-B12EC2EFBAD7}.Release|x86.Build.0 = Release|Win32
	EndGlobalSection
	GlobalSection(SolutionProperties) = preSolution
		HideSolutionNode = FALSE
	EndGlobalSection
	GlobalSection(ExtensibilityGlobals) = postSolution
		SolutionGuid = {8200DBC7-B0A8-4165-9D3C-9B01E982544A}
	EndGlobalSection
EndGlobal
